<?xml version="1.0" encoding="utf-8"?>
<Project ToolsVersion="4.0" xmlns="http://schemas.microsoft.com/developer/msbuild/2003">
  <ItemGroup>
    <Filter Include="Source Files">
      <UniqueIdentifier>{4FC737F1-C7A5-4376-A066-2A32D752A2FF}</UniqueIdentifier>
      <Extensions>cpp;c;cc;cxx;c++;cppm;ixx;def;odl;idl;hpj;bat;asm;asmx</Extensions>
    </Filter>
    <Filter Include="Header Files">
      <UniqueIdentifier>{93995380-89BD-4b04-88EB-625FBE52EBFB}</UniqueIdentifier>
      <Extensions>h;hh;hpp;hxx;h++;hm;inl;inc;ipp;xsd</Extensions>
    </Filter>
    <Filter Include="Resource Files">
      <UniqueIdentifier>{67DA6AB6-F800-4c08-8B7A-83BB121AAD01}</UniqueIdentifier>
      <Extensions>rc;ico;cur;bmp;dlg;rc2;rct;bin;rgs;gif;jpg;jpeg;jpe;resx;tiff;tif;png;wav;mfcribbon-ms</Extensions>
    </Filter>
  </ItemGroup>
  <ItemGroup>
    <ClCompile Include="Core\Main.cpp">
      <Filter>Source Files</Filter>
    </ClCompile>
    <ClCompile Include="Graphics\Rendering.cpp">
      <Filter>Source Files</Filter>
    </ClCompile>
    <ClCompile Include="Core\Application.cpp">
      <Filter>Source Files</Filter>
    </ClCompile>
    <ClCompile Include="Core\TimeManager.cpp">
      <Filter>Source Files</Filter>
    </ClCompile>
    <ClCompile Include="Graphics\Mesh.cpp">
      <Filter>Source Files</Filter>
    </ClCompile>
    <ClCompile Include="Graphics\Shader.cpp">
      <Filter>Source Files</Filter>
    </ClCompile>
    <ClCompile Include="Core\stdafx.cpp">
      <Filter>Source Files</Filter>
    </ClCompile>
    <ClCompile Include="Core\Utils.cpp">
      <Filter>Source Files</Filter>
    </ClCompile>
    <ClCompile Include="Graphics\CommandQueue.cpp">
      <Filter>Source Files</Filter>
    </ClCompile>
    <ClCompile Include="Graphics\ShaderProgram.cpp">
      <Filter>Source Files</Filter>
    </ClCompile>
    <ClCompile Include="Graphics\Framebuffer.cpp">
      <Filter>Source Files</Filter>
    </ClCompile>
    <ClCompile Include="Graphics\Material.cpp">
      <Filter>Source Files</Filter>
    </ClCompile>
    <ClCompile Include="ImGui\imgui_impl_dx12.cpp">
      <Filter>Source Files</Filter>
    </ClCompile>
    <ClCompile Include="ImGui\imgui_impl_glfw.cpp">
      <Filter>Source Files</Filter>
    </ClCompile>
    <ClCompile Include="Core\Scene.cpp">
      <Filter>Source Files</Filter>
    </ClCompile>
    <ClCompile Include="Core\SceneManager.cpp">
      <Filter>Source Files</Filter>
    </ClCompile>
    <ClCompile Include="Core\SceneObject.cpp">
      <Filter>Source Files</Filter>
    </ClCompile>
    <ClCompile Include="Core\Component.cpp">
      <Filter>Source Files</Filter>
    </ClCompile>
    <ClCompile Include="Core\Object.cpp">
      <Filter>Source Files</Filter>
    </ClCompile>
    <ClCompile Include="Core\Transform.cpp">
      <Filter>Source Files</Filter>
    </ClCompile>
    <ClCompile Include="Components\RendererComponent.cpp">
      <Filter>Source Files</Filter>
    </ClCompile>
    <ClCompile Include="Graphics\Texture.cpp">
      <Filter>Source Files</Filter>
    </ClCompile>
    <ClCompile Include="Graphics\Texture2D.cpp">
      <Filter>Source Files</Filter>
    </ClCompile>
    <ClCompile Include="Graphics\RenderTexture.cpp">
      <Filter>Source Files</Filter>
    </ClCompile>
    <ClCompile Include="Graphics\PresentationBuffer.cpp">
      <Filter>Source Files</Filter>
    </ClCompile>
    <ClCompile Include="Graphics\CommandRecorder.cpp">
      <Filter>Source Files</Filter>
    </ClCompile>
    <ClCompile Include="Components\CameraComponent.cpp">
      <Filter>Source Files</Filter>
    </ClCompile>
    <ClCompile Include="Core\Input.cpp">
      <Filter>Source Files</Filter>
    </ClCompile>
    <ClCompile Include="Components\CameraControllerComponent.cpp">
      <Filter>Source Files</Filter>
    </ClCompile>
    <ClCompile Include="Graphics\TextureCubemap.cpp">
      <Filter>Source Files</Filter>
    </ClCompile>
    <ClCompile Include="Objects\SkyboxObject.cpp">
      <Filter>Source Files</Filter>
    </ClCompile>
    <ClCompile Include="Components\LightComponent.cpp">
      <Filter>Source Files</Filter>
    </ClCompile>
    <ClCompile Include="Components\PointLightComponent.cpp">
      <Filter>Source Files</Filter>
    </ClCompile>
    <ClCompile Include="Components\DirectionalLightComponent.cpp">
      <Filter>Source Files</Filter>
    </ClCompile>
  </ItemGroup>
  <ItemGroup>
    <ClInclude Include="Graphics\d3dx12.h">
      <Filter>Header Files</Filter>
    </ClInclude>
    <ClInclude Include="Graphics\Rendering.h">
      <Filter>Header Files</Filter>
    </ClInclude>
    <ClInclude Include="Core\Application.h">
      <Filter>Header Files</Filter>
    </ClInclude>
    <ClInclude Include="Core\TimeManager.h">
      <Filter>Header Files</Filter>
    </ClInclude>
    <ClInclude Include="Graphics\Mesh.h">
      <Filter>Header Files</Filter>
    </ClInclude>
    <ClInclude Include="Graphics\Shader.h">
      <Filter>Header Files</Filter>
    </ClInclude>
    <ClInclude Include="Core\Utils.h">
      <Filter>Header Files</Filter>
    </ClInclude>
    <ClInclude Include="Core\stdafx.h">
      <Filter>Header Files</Filter>
    </ClInclude>
    <ClInclude Include="Graphics\CommandQueue.h">
      <Filter>Header Files</Filter>
    </ClInclude>
    <ClInclude Include="Graphics\ShaderProgram.h">
      <Filter>Header Files</Filter>
    </ClInclude>
    <ClInclude Include="Graphics\Framebuffer.h">
      <Filter>Header Files</Filter>
    </ClInclude>
    <ClInclude Include="Graphics\Material.h">
      <Filter>Header Files</Filter>
    </ClInclude>
    <ClInclude Include="ImGui\imgui_impl_dx12.h">
      <Filter>Header Files</Filter>
    </ClInclude>
    <ClInclude Include="ImGui\imgui_impl_glfw.h">
      <Filter>Header Files</Filter>
    </ClInclude>
    <ClInclude Include="Core\Scene.h">
      <Filter>Header Files</Filter>
    </ClInclude>
    <ClInclude Include="Core\SceneManager.h">
      <Filter>Header Files</Filter>
    </ClInclude>
    <ClInclude Include="Core\SceneObject.h">
      <Filter>Header Files</Filter>
    </ClInclude>
    <ClInclude Include="Core\Component.h">
      <Filter>Header Files</Filter>
    </ClInclude>
    <ClInclude Include="Core\Object.h">
      <Filter>Header Files</Filter>
    </ClInclude>
    <ClInclude Include="Core\Transform.h">
      <Filter>Header Files</Filter>
    </ClInclude>
    <ClInclude Include="Components\RendererComponent.h">
      <Filter>Header Files</Filter>
    </ClInclude>
    <ClInclude Include="Graphics\Texture.h">
      <Filter>Header Files</Filter>
    </ClInclude>
    <ClInclude Include="Graphics\Texture2D.h">
      <Filter>Header Files</Filter>
    </ClInclude>
    <ClInclude Include="Graphics\RenderTexture.h">
      <Filter>Header Files</Filter>
    </ClInclude>
    <ClInclude Include="Graphics\PresentationBuffer.h">
      <Filter>Header Files</Filter>
    </ClInclude>
    <ClInclude Include="Graphics\CommandRecorder.h">
      <Filter>Header Files</Filter>
    </ClInclude>
    <ClInclude Include="Components\CameraComponent.h">
      <Filter>Header Files</Filter>
    </ClInclude>
    <ClInclude Include="Core\Input.h">
      <Filter>Header Files</Filter>
    </ClInclude>
    <ClInclude Include="Components\CameraControllerComponent.h">
      <Filter>Header Files</Filter>
    </ClInclude>
    <ClInclude Include="Graphics\TextureCubemap.h">
      <Filter>Header Files</Filter>
    </ClInclude>
    <ClInclude Include="Objects\SkyboxObject.h">
      <Filter>Header Files</Filter>
    </ClInclude>
    <ClInclude Include="Components\LightComponent.h">
      <Filter>Header Files</Filter>
    </ClInclude>
    <ClInclude Include="Components\PointLightComponent.h">
      <Filter>Header Files</Filter>
    </ClInclude>
    <ClInclude Include="Components\DirectionalLightComponent.h">
      <Filter>Header Files</Filter>
    </ClInclude>
  </ItemGroup>
  <ItemGroup>
    <None Include="Models\Quad.fbx" />
    <None Include="Models\Cube.fbx" />
    <None Include="Models\Inverted Cube.fbx" />
    <None Include="Images\limpopo_golf_course_4k.hdr" />
    <None Include="Models\Sphere.fbx" />
    <None Include="Models\Smooth Monkey.fbx" />
    <None Include="Models\Monkey.fbx" />
  </ItemGroup>
  <ItemGroup>
    <FxCompile Include="Shaders\LitPixel.hlsl" />
    <FxCompile Include="Shaders\LitVertex.hlsl" />
    <FxCompile Include="Shaders\OutputVertex.hlsl" />
    <FxCompile Include="Shaders\OutputPixel.hlsl" />
    <FxCompile Include="Shaders\MipmapPixel.hlsl" />
    <FxCompile Include="Shaders\MipmapVertex.hlsl" />
    <FxCompile Include="Shaders\SkyboxVertex.hlsl" />
    <FxCompile Include="Shaders\SkyboxPixel.hlsl" />
    <FxCompile Include="Shaders\CubemapVertex.hlsl" />
    <FxCompile Include="Shaders\EquirectToCubemapPixel.hlsl" />
    <FxCompile Include="Shaders\IrradiancePixel.hlsl" />
    <FxCompile Include="Shaders\AmbientSpecularPixel.hlsl" />
    <FxCompile Include="Shaders\MipmapCubePixel.hlsl" />
  </ItemGroup>
  <ItemGroup>
    <Image Include="Images\UV Checker.png">
      <Filter>Resource Files</Filter>
    </Image>
    <Image Include="Images\Six sided skybox\back.jpg">
      <Filter>Resource Files</Filter>
    </Image>
    <Image Include="Images\Six sided skybox\bottom.jpg">
      <Filter>Resource Files</Filter>
    </Image>
    <Image Include="Images\Six sided skybox\front.jpg">
      <Filter>Resource Files</Filter>
    </Image>
    <Image Include="Images\Six sided skybox\left.jpg">
      <Filter>Resource Files</Filter>
    </Image>
    <Image Include="Images\Six sided skybox\right.jpg">
      <Filter>Resource Files</Filter>
    </Image>
    <Image Include="Images\Six sided skybox\top.jpg">
      <Filter>Resource Files</Filter>
    </Image>
    <Image Include="Images\brickwall.jpg">
      <Filter>Resource Files</Filter>
    </Image>
    <Image Include="Images\brickwall_normal.jpg">
      <Filter>Resource Files</Filter>
    </Image>
    <Image Include="Images\test_normal.jpg">
      <Filter>Resource Files</Filter>
    </Image>
    <Image Include="Images\BRDF LUT.png">
      <Filter>Resource Files</Filter>
    </Image>
  </ItemGroup>
</Project>